{
  "version": 4,
  "terraform_version": "1.10.3",
  "serial": 47,
  "lineage": "dd21b459-1251-ed49-a204-99e2ee03f271",
  "outputs": {},
  "resources": [
    {
      "mode": "data",
      "type": "aws_vpc",
      "name": "vpc",
      "provider": "provider[\"registry.terraform.io/hashicorp/aws\"]",
      "instances": [
        {
          "schema_version": 0,
          "attributes": {
            "arn": "arn:aws:ec2:us-east-1:588738578318:vpc/vpc-061154c0c571ea07d",
            "cidr_block": "172.31.0.0/16",
            "cidr_block_associations": [
              {
                "association_id": "vpc-cidr-assoc-0eee82fe4d1077c78",
                "cidr_block": "172.31.0.0/16",
                "state": "associated"
              }
            ],
            "default": true,
            "dhcp_options_id": "dopt-0c444c17887484baa",
            "enable_dns_hostnames": true,
            "enable_dns_support": true,
            "enable_network_address_usage_metrics": false,
            "filter": null,
            "id": "vpc-061154c0c571ea07d",
            "instance_tenancy": "default",
            "ipv6_association_id": "",
            "ipv6_cidr_block": "",
            "main_route_table_id": "rtb-099364c33039f98ec",
            "owner_id": "588738578318",
            "state": null,
            "tags": {},
            "timeouts": null
          },
          "sensitive_attributes": []
        }
      ]
    },
    {
      "mode": "managed",
      "type": "timescale_peering_connection",
      "name": "prod",
      "provider": "provider[\"registry.terraform.io/timescale/timescale\"]",
      "instances": [
        {
          "schema_version": 0,
          "attributes": {
            "error_message": null,
            "id": 5505,
            "peer_account_id": "241533149472",
            "peer_cidr": null,
            "peer_region_code": "us-east-1",
            "peer_vpc_id": "vpc-081a5d7e8e32a5b27",
            "provisioned_id": "pcx-0194dca06e321acd9",
            "status": "ACTIVE",
            "timescale_vpc_id": 5406,
            "vpc_id": "vpc-097e2ea4584de3c39"
          },
          "sensitive_attributes": [],
          "dependencies": [
            "timescale_vpcs.vpcprod"
          ]
        }
      ]
    },
    {
      "mode": "managed",
      "type": "timescale_peering_connection",
      "name": "stg",
      "provider": "provider[\"registry.terraform.io/timescale/timescale\"]",
      "instances": [
        {
          "schema_version": 0,
          "attributes": {
            "error_message": null,
            "id": 5503,
            "peer_account_id": "891377142936",
            "peer_cidr": null,
            "peer_region_code": "us-east-1",
            "peer_vpc_id": "vpc-0a1c9d989ad1a10d9",
            "provisioned_id": "pcx-013aef9b6bb31e430",
            "status": "ACTIVE",
            "timescale_vpc_id": 5405,
            "vpc_id": "vpc-01487a94adab1d9c1"
          },
          "sensitive_attributes": [],
          "dependencies": [
            "timescale_vpcs.vpcstg"
          ]
        }
      ]
    },
    {
      "mode": "managed",
      "type": "timescale_vpcs",
      "name": "vpcprod",
      "provider": "provider[\"registry.terraform.io/timescale/timescale\"]",
      "instances": [
        {
          "schema_version": 0,
          "attributes": {
            "cidr": "192.168.0.0/24",
            "created": "2025-02-20T11:32:50.579045Z",
            "error_message": "",
            "id": 5406,
            "name": "speedcast-prod",
            "project_id": "fvepwqywe3",
            "provisioned_id": "vpc-097e2ea4584de3c39",
            "region_code": "us-east-1",
            "status": "CREATED",
            "timeouts": null,
            "updated": ""
          },
          "sensitive_attributes": []
        }
      ]
    },
    {
      "mode": "managed",
      "type": "timescale_vpcs",
      "name": "vpcstg",
      "provider": "provider[\"registry.terraform.io/timescale/timescale\"]",
      "instances": [
        {
          "schema_version": 0,
          "attributes": {
            "cidr": "192.168.0.0/24",
            "created": "2025-02-20T11:01:36.823993Z",
            "error_message": "",
            "id": 5405,
            "name": "speedcast-staging",
            "project_id": "fvepwqywe3",
            "provisioned_id": "vpc-01487a94adab1d9c1",
            "region_code": "us-east-1",
            "status": "CREATED",
            "timeouts": null,
            "updated": ""
          },
          "sensitive_attributes": []
        }
      ]
    }
  ],
  "check_results": null
}
