{
  "version": 4,
  "terraform_version": "1.10.3",
  "serial": 106,
  "lineage": "1c988043-572b-60ef-daa0-4907cc5c4df5",
  "outputs": {
    "ec2_instance_id": {
      "value": "i-05d32c44b21d84022",
      "type": "string"
    },
    "private_key_pem": {
      "value": "-----BEGIN RSA PRIVATE KEY-----\nMIIJKAIBAAKCAgEA2KyA5Z2qLu8bwqx46xTgQ5RrJM7VHWspSNiMvIcD7ThJMQ4U\nx3yPZxwaxa/f5OQw1MOlI3liecO38GbpZyG7rDwK92bIFD+kwX8wRulqibT6NqD0\nv4n0DkxpyWBZr1YMeZ2WUtcRWlCobZmuj0nlRof7Nu5aSpgV4ZVw/O166S1WdMTk\nftx/i42yxP3M52GVfZB+DYm7D8wg0uyFZUrvYWA9M1jVWzQNNieko79nNXXs7zWm\nDjPthXMN5BsS1H4+DKump3PPacY7MOSR9XKdPoZS/ZJ9P6H58W9Y3UB5Z3QenUs1\nTmBSnRnd0lfccwo5S9B0yl8MASmPP6XH3g+LjgZOFPrc8ham0CSclcweZIydKmkP\nRxbhdbMABDjYJZcY6B6flvGXwXJ6FDRwcFXhvhGbWrzAQzowm77CNh9Karabn/2c\ns7QN/F46vOAJeO0j5ODumzgyXllONw2p4VGiCEux59fKck1QThasIrHvqmd4cUjx\nE6fFbQYsWC2W6hmAAr7SSgQpfSlRF+OH2UtqlzcrCyuH0lOAq7zWShRyLxYzWGmL\n3ImWrC3F5AlaHvhUr2hkZv/DEHFK+9uyChSRrmt8aYqE3qP8ZowFaYTLJDGy/tSW\nF13H15drVer7O+pQpUeCIjRxAdlt9dx9chkvK5ojXAy+Ff6bsrMMnZlpuOUCAwEA\nAQKCAgB5G1pkfU69MwrKMgrYIvAC9fc5OJ5n9hi6TcfELJcmRZqrX5p/sgCZel0A\neABl+KHOmpg4DsXbF2k9Ztg4u+MhLuJWTE2y+6vEN6otSJQy6kQcurRyRtJyF4Xd\neAxI84i/hTSbkvhxCbpKoGawUnZjiOgCWRGAtics0pG33akgoiW72L16pxZnU0lD\n0DRyc9nRuCystnonJ0qFeoxJBKxuOhObGqEOfDaSOXBN0lMGz6YiQlNRhvbQ63Et\nOXC58uINxPe+iv24uoMlHezzSx/W7c9/ShzVr1x79WevKzVwfLgL5RijeTVT+DxD\nMLbYWjOSS66r2ppkH+2gfrILTZcLQNWdTkLiWDU+p3xb3vqyJKgri3Ew2aZve+Ie\nVEHJmvAOkRNp6tcC/qbHq5PnAS0OvMiOza3RzKJKdmfTUlModhokf+EPeoxOh7P9\nGEmjmCLCEdgXrbud3MzervAW+oOzafUjmjAbexVMlAUObnXVHY3h8KSXz+xMVdmd\n+TSzavlnmwSVr+93+Z+lW8uElraSS+Wm6aIkBP2vtfIgjAwt2cWiaCs0sbV7oO4t\nQNM0Ecsb4dBnw5NkowuDi6XwNLPZ3rbaDKNES6v0F0ofVuQgYryKgCRbS2RfUade\nUNvJxx+ABRsCEmQgE5Y0hFHKdWoR1OTTgVB91TXIgysh6JoWlQKCAQEA5HvU4e4h\n3HWF1z7aXhbodqt6hAg5046D2DlTV6vPeh933aalxzh0m+NX46BlMU73n5S/niXP\n9u6m1T0Tef4Q7YZH+MzrBN7VOKsESuX6nHWBpZL155J0RFPJAfPVgcYz7HV/hctk\nz2FJBMWn+D8efcGTVzpsoa7iLL+o3OflkOanTG1H8kAWlV8O9VErJPH4mqe2KNYN\naAICchlE6QiU9gvHmaFpefDvGeHfIngirRRiCAX83toq2J0Sp7w7KHdudIagLrHr\nv3boXRfythnFX4XrVcDLIq5/mtf8++ufk3eQSGmYRmOPEET54oyxsR42qHA9gFV1\nDxDH0u/iN7rN6wKCAQEA8sSSmxn8HXx19HpTuvhN+OzXspCJbIGEFQk4mIvy14C9\n1yo4BXV55zdfqkNREgZuLihEGHvivCcwiorx3TX3ufSui3GE2wSuu5isw0zhff/6\ncLqaehCqIE8ERj4LkfLke7CTSn/iF17KhiiTF06qvK4Af81j5P8GHQ3AsKrnb21j\nRWocoUvLRreGvIvea0Xh1OP6niYY34vZ1JjQ0tkCH6CEMvfaxdUZG58YnBnzezhE\ngighQ++Deuu20iawDJBziWbJgk7g3pRTDEFtjCFIvrMGelVh0D7RlNTtxNBmtZAQ\nX20/HvboJcrP3ErmOHEubP7IRBrA48bIrjO3i/NQbwKCAQBFcNU8bTFhXV52EqYv\nXmr8VhWANzfL8k5j0thfltoR1aqKdPGBYMkf77JwffkDSWq812p9WCSiedm+iTd4\nJh1i8yLAnRb4ffjzphZB5S+LibMDbWzLGpm3gnde3oqPTHvPa858DVrwJDMa/i+U\npSpRMhnjst/9K7eVvhJGQTxmE5PZCIWLPKsgbqmPKUIhkmDqL/qO4q9kYuf3YXKu\nGGudc+sP6By0cONaTGmSgkyXqdA5fAhkeo33E5Xt4KliHRo21Auu5Wgu4qawVGzx\np1dzNrJVd6jFO5+QogBDWFNBcF8rgtxC2FNMsIn5rqT6naIjAynN7SsMjx8MHtfz\n9BRNAoIBAG6aRDjJs+UzKQJDIRaTveJk9ThzRUjcEPMMim5lhDPOga8fmvpRtUI0\nJi+KD8tohpYc3jlRZ9FVAXZ9KwgfaEeeRE9fXqnyDjGFs2AfDLS9BLqLKYnnQbsK\nhOYDqn3J7XK01cYhUT5Yf2hz39/EhWEE3VFcn+Bal8xw0ZMrqdlIOuwLFhQeVfRX\n9Ni92I2C/wpg+3NF5Bskug9zt9/34lHKbbBS36c2GQROjYXBBP7kecHayp0K6Bn+\nfgJsgdSXkyvMWo41pZmCdfula2VmXKAVLCRb9f5MQGvQPqtmTwT1J6ByQ0m2L7nY\nFq9EqHKajg42XcM5dRvRGujSwxLNvZ0CggEBAMjrKZUc+z4loHyMzZd/hK2mju30\nG17x+9GCCvzJEGIy21Otkf5NTwFNpSilXPU9RjSVihLMvgqUETQplChCm8Wyb6dk\n2lO2vLmuyRc/7DR4Dtai5gwhCBBhx1EH6nBfi28O/AjEePJ6+cjU75I9r02xQbC4\naLR+WNKJv+663qFHgbopb/ASFz1zU2ssrQmSWupTadG3klZ7d4u8BAKpIZK5A5T4\nT5BjneCvXVWZh/lgnbko6A8m423iXa4J6YrYyVkxcUu5nxcbQIhC6ULKt0TQ/VGc\ngku6uHbw50XiAM0LEm34j6EREcxkGYn7np0r7GKFwHlw8Xml6R2ZYtnc8cU=\n-----END RSA PRIVATE KEY-----\n",
      "type": "string",
      "sensitive": true
    },
    "secret_name": {
      "value": "data-extraction-ec2-key-staging",
      "type": "string"
    }
  },
  "resources": [
    {
      "mode": "data",
      "type": "aws_ami",
      "name": "amazon_linux",
      "provider": "provider[\"registry.terraform.io/hashicorp/aws\"]",
      "instances": [
        {
          "schema_version": 0,
          "attributes": {
            "architecture": "x86_64",
            "arn": "arn:aws:ec2:us-east-1::image/ami-072e42fd77921edac",
            "block_device_mappings": [
              {
                "device_name": "/dev/xvda",
                "ebs": {
                  "delete_on_termination": "true",
                  "encrypted": "false",
                  "iops": "0",
                  "snapshot_id": "snap-010527ae9d470aae4",
                  "throughput": "0",
                  "volume_size": "8",
                  "volume_type": "gp2"
                },
                "no_device": "",
                "virtual_name": ""
              }
            ],
            "boot_mode": "",
            "creation_date": "2025-03-21T23:34:17.000Z",
            "deprecation_time": "2025-07-01T00:00:00.000Z",
            "description": "Amazon Linux 2 AMI 2.0.20250321.0 x86_64 HVM gp2",
            "ena_support": true,
            "executable_users": null,
            "filter": [
              {
                "name": "name",
                "values": [
                  "amzn2-ami-hvm-*-x86_64-gp2"
                ]
              }
            ],
            "hypervisor": "xen",
            "id": "ami-072e42fd77921edac",
            "image_id": "ami-072e42fd77921edac",
            "image_location": "amazon/amzn2-ami-hvm-2.0.20250321.0-x86_64-gp2",
            "image_owner_alias": "amazon",
            "image_type": "machine",
            "imds_support": "",
            "include_deprecated": false,
            "kernel_id": "",
            "most_recent": true,
            "name": "amzn2-ami-hvm-2.0.20250321.0-x86_64-gp2",
            "name_regex": null,
            "owner_id": "137112412989",
            "owners": [
              "amazon"
            ],
            "platform": "",
            "platform_details": "Linux/UNIX",
            "product_codes": [],
            "public": true,
            "ramdisk_id": "",
            "root_device_name": "/dev/xvda",
            "root_device_type": "ebs",
            "root_snapshot_id": "snap-010527ae9d470aae4",
            "sriov_net_support": "simple",
            "state": "available",
            "state_reason": {
              "code": "UNSET",
              "message": "UNSET"
            },
            "tags": {},
            "timeouts": null,
            "tpm_support": "",
            "uefi_data": null,
            "usage_operation": "RunInstances",
            "virtualization_type": "hvm"
          },
          "sensitive_attributes": []
        }
      ]
    },
    {
      "mode": "data",
      "type": "aws_route_table",
      "name": "timescalert",
      "provider": "provider[\"registry.terraform.io/hashicorp/aws\"]",
      "instances": [
        {
          "schema_version": 0,
          "attributes": {
            "arn": "arn:aws:ec2:us-east-1:891377142936:route-table/rtb-0a10dea01fef07cf3",
            "associations": [],
            "filter": [
              {
                "name": "tag:Name",
                "values": [
                  "timescalert-staging"
                ]
              }
            ],
            "gateway_id": null,
            "id": "rtb-0a10dea01fef07cf3",
            "owner_id": "891377142936",
            "route_table_id": "rtb-0a10dea01fef07cf3",
            "routes": [
              {
                "carrier_gateway_id": "",
                "cidr_block": "10.162.6.0/24",
                "core_network_arn": "",
                "destination_prefix_list_id": "",
                "egress_only_gateway_id": "",
                "gateway_id": "",
                "instance_id": "",
                "ipv6_cidr_block": "",
                "local_gateway_id": "",
                "nat_gateway_id": "",
                "network_interface_id": "",
                "transit_gateway_id": "tgw-0681064c35feff4c5",
                "vpc_endpoint_id": "",
                "vpc_peering_connection_id": ""
              },
              {
                "carrier_gateway_id": "",
                "cidr_block": "0.0.0.0/0",
                "core_network_arn": "",
                "destination_prefix_list_id": "",
                "egress_only_gateway_id": "",
                "gateway_id": "",
                "instance_id": "",
                "ipv6_cidr_block": "",
                "local_gateway_id": "",
                "nat_gateway_id": "nat-05e22dbc22c49319f",
                "network_interface_id": "",
                "transit_gateway_id": "",
                "vpc_endpoint_id": "",
                "vpc_peering_connection_id": ""
              }
            ],
            "subnet_id": null,
            "tags": {
              "Name": "timescalert-staging"
            },
            "timeouts": null,
            "vpc_id": "vpc-0607bfb6d374f4584"
          },
          "sensitive_attributes": []
        }
      ]
    },
    {
      "mode": "data",
      "type": "aws_security_group",
      "name": "default",
      "provider": "provider[\"registry.terraform.io/hashicorp/aws\"]",
      "instances": [
        {
          "schema_version": 0,
          "attributes": {
            "arn": "arn:aws:ec2:us-east-1:891377142936:security-group/sg-07c400b86ca274567",
            "description": "default VPC security group",
            "filter": [
              {
                "name": "group-name",
                "values": [
                  "default"
                ]
              }
            ],
            "id": "sg-07c400b86ca274567",
            "name": "default",
            "tags": {},
            "timeouts": null,
            "vpc_id": "vpc-0607bfb6d374f4584"
          },
          "sensitive_attributes": []
        }
      ]
    },
    {
      "mode": "data",
      "type": "aws_subnet",
      "name": "lambda_production",
      "provider": "provider[\"registry.terraform.io/hashicorp/aws\"]",
      "instances": [
        {
          "schema_version": 0,
          "attributes": {
            "arn": "arn:aws:ec2:us-east-1:891377142936:subnet/subnet-030c92a2675c3161a",
            "assign_ipv6_address_on_creation": false,
            "availability_zone": "us-east-1a",
            "availability_zone_id": "use1-az6",
            "available_ip_address_count": 250,
            "cidr_block": "10.162.22.0/24",
            "customer_owned_ipv4_pool": "",
            "default_for_az": false,
            "enable_dns64": false,
            "enable_lni_at_device_index": 0,
            "enable_resource_name_dns_a_record_on_launch": false,
            "enable_resource_name_dns_aaaa_record_on_launch": false,
            "filter": [
              {
                "name": "tag:Name",
                "values": [
                  "sn-inet-lambda-1-staging"
                ]
              },
              {
                "name": "vpc-id",
                "values": [
                  "vpc-0607bfb6d374f4584"
                ]
              }
            ],
            "id": "subnet-030c92a2675c3161a",
            "ipv6_cidr_block": "",
            "ipv6_cidr_block_association_id": "",
            "ipv6_native": false,
            "map_customer_owned_ip_on_launch": false,
            "map_public_ip_on_launch": false,
            "outpost_arn": "",
            "owner_id": "891377142936",
            "private_dns_hostname_type_on_launch": "ip-name",
            "state": "available",
            "tags": {
              "Name": "sn-inet-lambda-1-staging"
            },
            "timeouts": null,
            "vpc_id": "vpc-0607bfb6d374f4584"
          },
          "sensitive_attributes": []
        }
      ]
    },
    {
      "mode": "data",
      "type": "aws_subnet",
      "name": "sn_ngw_1",
      "provider": "provider[\"registry.terraform.io/hashicorp/aws\"]",
      "instances": [
        {
          "schema_version": 0,
          "attributes": {
            "arn": "arn:aws:ec2:us-east-1:891377142936:subnet/subnet-09289207657a39711",
            "assign_ipv6_address_on_creation": false,
            "availability_zone": "us-east-1a",
            "availability_zone_id": "use1-az6",
            "available_ip_address_count": 10,
            "cidr_block": "10.162.16.240/28",
            "customer_owned_ipv4_pool": "",
            "default_for_az": false,
            "enable_dns64": false,
            "enable_lni_at_device_index": 0,
            "enable_resource_name_dns_a_record_on_launch": false,
            "enable_resource_name_dns_aaaa_record_on_launch": false,
            "filter": [
              {
                "name": "tag:Name",
                "values": [
                  "sn-ngw-1-staging"
                ]
              }
            ],
            "id": "subnet-09289207657a39711",
            "ipv6_cidr_block": "",
            "ipv6_cidr_block_association_id": "",
            "ipv6_native": false,
            "map_customer_owned_ip_on_launch": false,
            "map_public_ip_on_launch": false,
            "outpost_arn": "",
            "owner_id": "891377142936",
            "private_dns_hostname_type_on_launch": "ip-name",
            "state": "available",
            "tags": {
              "Name": "sn-ngw-1-staging"
            },
            "timeouts": null,
            "vpc_id": "vpc-0607bfb6d374f4584"
          },
          "sensitive_attributes": []
        }
      ]
    },
    {
      "mode": "data",
      "type": "aws_vpc",
      "name": "extraction",
      "provider": "provider[\"registry.terraform.io/hashicorp/aws\"]",
      "instances": [
        {
          "schema_version": 0,
          "attributes": {
            "arn": "arn:aws:ec2:us-east-1:891377142936:vpc/vpc-0607bfb6d374f4584",
            "cidr_block": "10.162.16.0/20",
            "cidr_block_associations": [
              {
                "association_id": "vpc-cidr-assoc-0503bdd5b9adf8143",
                "cidr_block": "10.162.16.0/20",
                "state": "associated"
              }
            ],
            "default": false,
            "dhcp_options_id": "dopt-0e99ce589170625cd",
            "enable_dns_hostnames": false,
            "enable_dns_support": true,
            "enable_network_address_usage_metrics": false,
            "filter": [
              {
                "name": "tag:Name",
                "values": [
                  "extraction-staging"
                ]
              }
            ],
            "id": "vpc-0607bfb6d374f4584",
            "instance_tenancy": "default",
            "ipv6_association_id": "",
            "ipv6_cidr_block": "",
            "main_route_table_id": "rtb-0e91a95145e6d9c0a",
            "owner_id": "891377142936",
            "state": null,
            "tags": {
              "Name": "extraction-staging"
            },
            "timeouts": null
          },
          "sensitive_attributes": []
        }
      ]
    },
    {
      "mode": "managed",
      "type": "aws_eip",
      "name": "nat_1",
      "provider": "provider[\"registry.terraform.io/hashicorp/aws\"]",
      "instances": [
        {
          "schema_version": 0,
          "attributes": {
            "address": null,
            "allocation_id": "eipalloc-02aa559d0131dd11e",
            "arn": "arn:aws:ec2:us-east-1:891377142936:elastic-ip/eipalloc-02aa559d0131dd11e",
            "associate_with_private_ip": null,
            "association_id": "eipassoc-06560671a84661dab",
            "carrier_ip": "",
            "customer_owned_ip": "",
            "customer_owned_ipv4_pool": "",
            "domain": "vpc",
            "id": "eipalloc-02aa559d0131dd11e",
            "instance": "",
            "ipam_pool_id": null,
            "network_border_group": "us-east-1",
            "network_interface": "eni-023142858d7b59da2",
            "private_dns": "ip-10-162-16-250.ec2.internal",
            "private_ip": "10.162.16.250",
            "ptr_record": "",
            "public_dns": "ec2-13-217-234-30.compute-1.amazonaws.com",
            "public_ip": "13.217.234.30",
            "public_ipv4_pool": "amazon",
            "tags": {
              "Name": "nat-eip-1-staging"
            },
            "tags_all": {
              "Name": "nat-eip-1-staging"
            },
            "timeouts": null,
            "vpc": true
          },
          "sensitive_attributes": [],
          "private": "eyJlMmJmYjczMC1lY2FhLTExZTYtOGY4OC0zNDM2M2JjN2M0YzAiOnsiZGVsZXRlIjoxODAwMDAwMDAwMDAsInJlYWQiOjkwMDAwMDAwMDAwMCwidXBkYXRlIjozMDAwMDAwMDAwMDB9fQ=="
        }
      ]
    },
    {
      "mode": "managed",
      "type": "aws_eip",
      "name": "nat_2",
      "provider": "provider[\"registry.terraform.io/hashicorp/aws\"]",
      "instances": [
        {
          "schema_version": 0,
          "attributes": {
            "address": null,
            "allocation_id": "eipalloc-087788f9d148427f0",
            "arn": "arn:aws:ec2:us-east-1:891377142936:elastic-ip/eipalloc-087788f9d148427f0",
            "associate_with_private_ip": null,
            "association_id": "eipassoc-063b9ec9c004e1903",
            "carrier_ip": "",
            "customer_owned_ip": "",
            "customer_owned_ipv4_pool": "",
            "domain": "vpc",
            "id": "eipalloc-087788f9d148427f0",
            "instance": "",
            "ipam_pool_id": null,
            "network_border_group": "us-east-1",
            "network_interface": "eni-05e47884f3bccefab",
            "private_dns": "ip-10-162-24-252.ec2.internal",
            "private_ip": "10.162.24.252",
            "ptr_record": "",
            "public_dns": "ec2-34-238-48-9.compute-1.amazonaws.com",
            "public_ip": "34.238.48.9",
            "public_ipv4_pool": "amazon",
            "tags": {
              "Name": "nat-eip-2-staging"
            },
            "tags_all": {
              "Name": "nat-eip-2-staging"
            },
            "timeouts": null,
            "vpc": true
          },
          "sensitive_attributes": [],
          "private": "eyJlMmJmYjczMC1lY2FhLTExZTYtOGY4OC0zNDM2M2JjN2M0YzAiOnsiZGVsZXRlIjoxODAwMDAwMDAwMDAsInJlYWQiOjkwMDAwMDAwMDAwMCwidXBkYXRlIjozMDAwMDAwMDAwMDB9fQ=="
        }
      ]
    },
    {
      "mode": "managed",
      "type": "aws_instance",
      "name": "data_extraction",
      "provider": "provider[\"registry.terraform.io/hashicorp/aws\"]",
      "instances": [
        {
          "schema_version": 1,
          "attributes": {
            "ami": "ami-072e42fd77921edac",
            "arn": "arn:aws:ec2:us-east-1:891377142936:instance/i-05d32c44b21d84022",
            "associate_public_ip_address": false,
            "availability_zone": "us-east-1a",
            "capacity_reservation_specification": [
              {
                "capacity_reservation_preference": "open",
                "capacity_reservation_target": []
              }
            ],
            "cpu_core_count": 2,
            "cpu_options": [
              {
                "amd_sev_snp": "",
                "core_count": 2,
                "threads_per_core": 2
              }
            ],
            "cpu_threads_per_core": 2,
            "credit_specification": [
              {
                "cpu_credits": "unlimited"
              }
            ],
            "disable_api_stop": false,
            "disable_api_termination": false,
            "ebs_block_device": [],
            "ebs_optimized": false,
            "enable_primary_ipv6": null,
            "enclave_options": [
              {
                "enabled": false
              }
            ],
            "ephemeral_block_device": [],
            "get_password_data": false,
            "hibernation": false,
            "host_id": "",
            "host_resource_group_arn": null,
            "iam_instance_profile": "",
            "id": "i-05d32c44b21d84022",
            "instance_initiated_shutdown_behavior": "stop",
            "instance_lifecycle": "",
            "instance_market_options": [],
            "instance_state": "running",
            "instance_type": "t3.xlarge",
            "ipv6_address_count": 0,
            "ipv6_addresses": [],
            "key_name": "generated-key-staging",
            "launch_template": [],
            "maintenance_options": [
              {
                "auto_recovery": "default"
              }
            ],
            "metadata_options": [
              {
                "http_endpoint": "enabled",
                "http_protocol_ipv6": "disabled",
                "http_put_response_hop_limit": 1,
                "http_tokens": "optional",
                "instance_metadata_tags": "disabled"
              }
            ],
            "monitoring": false,
            "network_interface": [],
            "outpost_arn": "",
            "password_data": "",
            "placement_group": "",
            "placement_partition_number": 0,
            "primary_network_interface_id": "eni-01ddeb6ec52441e9e",
            "private_dns": "ip-10-162-22-84.ec2.internal",
            "private_dns_name_options": [
              {
                "enable_resource_name_dns_a_record": false,
                "enable_resource_name_dns_aaaa_record": false,
                "hostname_type": "ip-name"
              }
            ],
            "private_ip": "10.162.22.84",
            "public_dns": "",
            "public_ip": "",
            "root_block_device": [
              {
                "delete_on_termination": true,
                "device_name": "/dev/xvda",
                "encrypted": false,
                "iops": 180,
                "kms_key_id": "",
                "tags": null,
                "tags_all": {},
                "throughput": 0,
                "volume_id": "vol-042cac25ec2b11c77",
                "volume_size": 60,
                "volume_type": "gp2"
              }
            ],
            "secondary_private_ips": [],
            "security_groups": [],
            "source_dest_check": true,
            "spot_instance_request_id": "",
            "subnet_id": "subnet-030c92a2675c3161a",
            "tags": {
              "Name": "data-extraction-staging"
            },
            "tags_all": {
              "Name": "data-extraction-staging"
            },
            "tenancy": "default",
            "timeouts": null,
            "user_data": null,
            "user_data_base64": null,
            "user_data_replace_on_change": false,
            "volume_tags": null,
            "vpc_security_group_ids": [
              "sg-07c400b86ca274567"
            ]
          },
          "sensitive_attributes": [],
          "private": "eyJlMmJmYjczMC1lY2FhLTExZTYtOGY4OC0zNDM2M2JjN2M0YzAiOnsiY3JlYXRlIjo2MDAwMDAwMDAwMDAsImRlbGV0ZSI6MTIwMDAwMDAwMDAwMCwicmVhZCI6OTAwMDAwMDAwMDAwLCJ1cGRhdGUiOjYwMDAwMDAwMDAwMH0sInNjaGVtYV92ZXJzaW9uIjoiMSJ9",
          "dependencies": [
            "aws_key_pair.generated",
            "data.aws_ami.amazon_linux",
            "data.aws_security_group.default",
            "data.aws_subnet.lambda_production",
            "data.aws_vpc.extraction",
            "tls_private_key.generated_key"
          ]
        }
      ]
    },
    {
      "mode": "managed",
      "type": "aws_internet_gateway",
      "name": "extraction_igw",
      "provider": "provider[\"registry.terraform.io/hashicorp/aws\"]",
      "instances": [
        {
          "schema_version": 0,
          "attributes": {
            "arn": "arn:aws:ec2:us-east-1:891377142936:internet-gateway/igw-0ab816b297b8ef0e2",
            "id": "igw-0ab816b297b8ef0e2",
            "owner_id": "891377142936",
            "tags": {
              "Name": "extraction-igw-staging"
            },
            "tags_all": {
              "Name": "extraction-igw-staging"
            },
            "timeouts": null,
            "vpc_id": "vpc-0607bfb6d374f4584"
          },
          "sensitive_attributes": [],
          "private": "eyJlMmJmYjczMC1lY2FhLTExZTYtOGY4OC0zNDM2M2JjN2M0YzAiOnsiY3JlYXRlIjoxMjAwMDAwMDAwMDAwLCJkZWxldGUiOjEyMDAwMDAwMDAwMDAsInVwZGF0ZSI6MTIwMDAwMDAwMDAwMH19",
          "dependencies": [
            "aws_vpc.extraction"
          ]
        }
      ]
    },
    {
      "mode": "managed",
      "type": "aws_key_pair",
      "name": "generated",
      "provider": "provider[\"registry.terraform.io/hashicorp/aws\"]",
      "instances": [
        {
          "schema_version": 1,
          "attributes": {
            "arn": "arn:aws:ec2:us-east-1:891377142936:key-pair/generated-key-staging",
            "fingerprint": "71:65:bc:4b:66:0a:ad:08:1c:0a:ab:47:94:db:52:ae",
            "id": "generated-key-staging",
            "key_name": "generated-key-staging",
            "key_name_prefix": "",
            "key_pair_id": "key-0d36b1ed1129d0002",
            "key_type": "rsa",
            "public_key": "ssh-rsa AAAAB3NzaC1yc2EAAAADAQABAAACAQDYrIDlnaou7xvCrHjrFOBDlGskztUdaylI2Iy8hwPtOEkxDhTHfI9nHBrFr9/k5DDUw6UjeWJ5w7fwZulnIbusPAr3ZsgUP6TBfzBG6WqJtPo2oPS/ifQOTGnJYFmvVgx5nZZS1xFaUKhtma6PSeVGh/s27lpKmBXhlXD87XrpLVZ0xOR+3H+LjbLE/cznYZV9kH4NibsPzCDS7IVlSu9hYD0zWNVbNA02J6Sjv2c1dezvNaYOM+2Fcw3kGxLUfj4Mq6anc89pxjsw5JH1cp0+hlL9kn0/ofnxb1jdQHlndB6dSzVOYFKdGd3SV9xzCjlL0HTKXwwBKY8/pcfeD4uOBk4U+tzyFqbQJJyVzB5kjJ0qaQ9HFuF1swAEONgllxjoHp+W8ZfBcnoUNHBwVeG+EZtavMBDOjCbvsI2H0pqtpuf/ZyztA38Xjq84Al47SPk4O6bODJeWU43DanhUaIIS7Hn18pyTVBOFqwise+qZ3hxSPETp8VtBixYLZbqGYACvtJKBCl9KVEX44fZS2qXNysLK4fSU4CrvNZKFHIvFjNYaYvciZasLcXkCVoe+FSvaGRm/8MQcUr727IKFJGua3xpioTeo/xmjAVphMskMbL+1JYXXcfXl2tV6vs76lClR4IiNHEB2W313H1yGS8rmiNcDL4V/puyswydmWm45Q==",
            "tags": null,
            "tags_all": {}
          },
          "sensitive_attributes": [],
          "private": "eyJzY2hlbWFfdmVyc2lvbiI6IjEifQ==",
          "dependencies": [
            "tls_private_key.generated_key"
          ]
        }
      ]
    },
    {
      "mode": "managed",
      "type": "aws_secretsmanager_secret",
      "name": "pem_secret",
      "provider": "provider[\"registry.terraform.io/hashicorp/aws\"]",
      "instances": [
        {
          "schema_version": 0,
          "attributes": {
            "arn": "arn:aws:secretsmanager:us-east-1:891377142936:secret:data-extraction-ec2-key-staging-WvlJrX",
            "description": "Generated PEM for EC2 data-extraction-staging",
            "force_overwrite_replica_secret": false,
            "id": "arn:aws:secretsmanager:us-east-1:891377142936:secret:data-extraction-ec2-key-staging-WvlJrX",
            "kms_key_id": "",
            "name": "data-extraction-ec2-key-staging",
            "name_prefix": "",
            "policy": "",
            "recovery_window_in_days": 30,
            "replica": [],
            "tags": null,
            "tags_all": {}
          },
          "sensitive_attributes": [],
          "private": "bnVsbA=="
        }
      ]
    },
    {
      "mode": "managed",
      "type": "aws_secretsmanager_secret_policy",
      "name": "allow_access_to_others",
      "provider": "provider[\"registry.terraform.io/hashicorp/aws\"]",
      "instances": [
        {
          "schema_version": 0,
          "attributes": {
            "block_public_policy": null,
            "id": "arn:aws:secretsmanager:us-east-1:891377142936:secret:data-extraction-ec2-key-staging-WvlJrX",
            "policy": "{\"Statement\":[{\"Action\":[\"secretsmanager:GetSecretValue\"],\"Effect\":\"Allow\",\"Principal\":{\"AWS\":[\"*\"]},\"Resource\":\"arn:aws:secretsmanager:us-east-1:891377142936:secret:data-extraction-ec2-key-staging-WvlJrX\",\"Sid\":\"AllowOtherUsersToRetrieveSecret\"}],\"Version\":\"2012-10-17\"}",
            "secret_arn": "arn:aws:secretsmanager:us-east-1:891377142936:secret:data-extraction-ec2-key-staging-WvlJrX"
          },
          "sensitive_attributes": [],
          "private": "bnVsbA==",
          "dependencies": [
            "aws_secretsmanager_secret.pem_secret"
          ]
        }
      ]
    },
    {
      "mode": "managed",
      "type": "aws_secretsmanager_secret_version",
      "name": "pem_secret_version",
      "provider": "provider[\"registry.terraform.io/hashicorp/aws\"]",
      "instances": [
        {
          "schema_version": 0,
          "attributes": {
            "arn": "arn:aws:secretsmanager:us-east-1:891377142936:secret:data-extraction-ec2-key-staging-WvlJrX",
            "has_secret_string_wo": null,
            "id": "arn:aws:secretsmanager:us-east-1:891377142936:secret:data-extraction-ec2-key-staging-WvlJrX|terraform-20250331082247753500000002",
            "secret_binary": "",
            "secret_id": "arn:aws:secretsmanager:us-east-1:891377142936:secret:data-extraction-ec2-key-staging-WvlJrX",
            "secret_string": "-----BEGIN RSA PRIVATE KEY-----\nMIIJKAIBAAKCAgEA2KyA5Z2qLu8bwqx46xTgQ5RrJM7VHWspSNiMvIcD7ThJMQ4U\nx3yPZxwaxa/f5OQw1MOlI3liecO38GbpZyG7rDwK92bIFD+kwX8wRulqibT6NqD0\nv4n0DkxpyWBZr1YMeZ2WUtcRWlCobZmuj0nlRof7Nu5aSpgV4ZVw/O166S1WdMTk\nftx/i42yxP3M52GVfZB+DYm7D8wg0uyFZUrvYWA9M1jVWzQNNieko79nNXXs7zWm\nDjPthXMN5BsS1H4+DKump3PPacY7MOSR9XKdPoZS/ZJ9P6H58W9Y3UB5Z3QenUs1\nTmBSnRnd0lfccwo5S9B0yl8MASmPP6XH3g+LjgZOFPrc8ham0CSclcweZIydKmkP\nRxbhdbMABDjYJZcY6B6flvGXwXJ6FDRwcFXhvhGbWrzAQzowm77CNh9Karabn/2c\ns7QN/F46vOAJeO0j5ODumzgyXllONw2p4VGiCEux59fKck1QThasIrHvqmd4cUjx\nE6fFbQYsWC2W6hmAAr7SSgQpfSlRF+OH2UtqlzcrCyuH0lOAq7zWShRyLxYzWGmL\n3ImWrC3F5AlaHvhUr2hkZv/DEHFK+9uyChSRrmt8aYqE3qP8ZowFaYTLJDGy/tSW\nF13H15drVer7O+pQpUeCIjRxAdlt9dx9chkvK5ojXAy+Ff6bsrMMnZlpuOUCAwEA\nAQKCAgB5G1pkfU69MwrKMgrYIvAC9fc5OJ5n9hi6TcfELJcmRZqrX5p/sgCZel0A\neABl+KHOmpg4DsXbF2k9Ztg4u+MhLuJWTE2y+6vEN6otSJQy6kQcurRyRtJyF4Xd\neAxI84i/hTSbkvhxCbpKoGawUnZjiOgCWRGAtics0pG33akgoiW72L16pxZnU0lD\n0DRyc9nRuCystnonJ0qFeoxJBKxuOhObGqEOfDaSOXBN0lMGz6YiQlNRhvbQ63Et\nOXC58uINxPe+iv24uoMlHezzSx/W7c9/ShzVr1x79WevKzVwfLgL5RijeTVT+DxD\nMLbYWjOSS66r2ppkH+2gfrILTZcLQNWdTkLiWDU+p3xb3vqyJKgri3Ew2aZve+Ie\nVEHJmvAOkRNp6tcC/qbHq5PnAS0OvMiOza3RzKJKdmfTUlModhokf+EPeoxOh7P9\nGEmjmCLCEdgXrbud3MzervAW+oOzafUjmjAbexVMlAUObnXVHY3h8KSXz+xMVdmd\n+TSzavlnmwSVr+93+Z+lW8uElraSS+Wm6aIkBP2vtfIgjAwt2cWiaCs0sbV7oO4t\nQNM0Ecsb4dBnw5NkowuDi6XwNLPZ3rbaDKNES6v0F0ofVuQgYryKgCRbS2RfUade\nUNvJxx+ABRsCEmQgE5Y0hFHKdWoR1OTTgVB91TXIgysh6JoWlQKCAQEA5HvU4e4h\n3HWF1z7aXhbodqt6hAg5046D2DlTV6vPeh933aalxzh0m+NX46BlMU73n5S/niXP\n9u6m1T0Tef4Q7YZH+MzrBN7VOKsESuX6nHWBpZL155J0RFPJAfPVgcYz7HV/hctk\nz2FJBMWn+D8efcGTVzpsoa7iLL+o3OflkOanTG1H8kAWlV8O9VErJPH4mqe2KNYN\naAICchlE6QiU9gvHmaFpefDvGeHfIngirRRiCAX83toq2J0Sp7w7KHdudIagLrHr\nv3boXRfythnFX4XrVcDLIq5/mtf8++ufk3eQSGmYRmOPEET54oyxsR42qHA9gFV1\nDxDH0u/iN7rN6wKCAQEA8sSSmxn8HXx19HpTuvhN+OzXspCJbIGEFQk4mIvy14C9\n1yo4BXV55zdfqkNREgZuLihEGHvivCcwiorx3TX3ufSui3GE2wSuu5isw0zhff/6\ncLqaehCqIE8ERj4LkfLke7CTSn/iF17KhiiTF06qvK4Af81j5P8GHQ3AsKrnb21j\nRWocoUvLRreGvIvea0Xh1OP6niYY34vZ1JjQ0tkCH6CEMvfaxdUZG58YnBnzezhE\ngighQ++Deuu20iawDJBziWbJgk7g3pRTDEFtjCFIvrMGelVh0D7RlNTtxNBmtZAQ\nX20/HvboJcrP3ErmOHEubP7IRBrA48bIrjO3i/NQbwKCAQBFcNU8bTFhXV52EqYv\nXmr8VhWANzfL8k5j0thfltoR1aqKdPGBYMkf77JwffkDSWq812p9WCSiedm+iTd4\nJh1i8yLAnRb4ffjzphZB5S+LibMDbWzLGpm3gnde3oqPTHvPa858DVrwJDMa/i+U\npSpRMhnjst/9K7eVvhJGQTxmE5PZCIWLPKsgbqmPKUIhkmDqL/qO4q9kYuf3YXKu\nGGudc+sP6By0cONaTGmSgkyXqdA5fAhkeo33E5Xt4KliHRo21Auu5Wgu4qawVGzx\np1dzNrJVd6jFO5+QogBDWFNBcF8rgtxC2FNMsIn5rqT6naIjAynN7SsMjx8MHtfz\n9BRNAoIBAG6aRDjJs+UzKQJDIRaTveJk9ThzRUjcEPMMim5lhDPOga8fmvpRtUI0\nJi+KD8tohpYc3jlRZ9FVAXZ9KwgfaEeeRE9fXqnyDjGFs2AfDLS9BLqLKYnnQbsK\nhOYDqn3J7XK01cYhUT5Yf2hz39/EhWEE3VFcn+Bal8xw0ZMrqdlIOuwLFhQeVfRX\n9Ni92I2C/wpg+3NF5Bskug9zt9/34lHKbbBS36c2GQROjYXBBP7kecHayp0K6Bn+\nfgJsgdSXkyvMWo41pZmCdfula2VmXKAVLCRb9f5MQGvQPqtmTwT1J6ByQ0m2L7nY\nFq9EqHKajg42XcM5dRvRGujSwxLNvZ0CggEBAMjrKZUc+z4loHyMzZd/hK2mju30\nG17x+9GCCvzJEGIy21Otkf5NTwFNpSilXPU9RjSVihLMvgqUETQplChCm8Wyb6dk\n2lO2vLmuyRc/7DR4Dtai5gwhCBBhx1EH6nBfi28O/AjEePJ6+cjU75I9r02xQbC4\naLR+WNKJv+663qFHgbopb/ASFz1zU2ssrQmSWupTadG3klZ7d4u8BAKpIZK5A5T4\nT5BjneCvXVWZh/lgnbko6A8m423iXa4J6YrYyVkxcUu5nxcbQIhC6ULKt0TQ/VGc\ngku6uHbw50XiAM0LEm34j6EREcxkGYn7np0r7GKFwHlw8Xml6R2ZYtnc8cU=\n-----END RSA PRIVATE KEY-----\n",
            "secret_string_wo": null,
            "secret_string_wo_version": null,
            "version_id": "terraform-20250331082247753500000002",
            "version_stages": [
              "AWSCURRENT"
            ]
          },
          "sensitive_attributes": [
            [
              {
                "type": "get_attr",
                "value": "secret_string"
              }
            ],
            [
              {
                "type": "get_attr",
                "value": "secret_binary"
              }
            ],
            [
              {
                "type": "get_attr",
                "value": "secret_string_wo"
              }
            ]
          ],
          "private": "bnVsbA==",
          "dependencies": [
            "aws_secretsmanager_secret.pem_secret",
            "tls_private_key.generated_key"
          ]
        }
      ]
    },
    {
      "mode": "managed",
      "type": "aws_subnet",
      "name": "sn-tgw-core-1",
      "provider": "provider[\"registry.terraform.io/hashicorp/aws\"]",
      "instances": [
        {
          "schema_version": 1,
          "attributes": {
            "arn": "arn:aws:ec2:us-east-1:891377142936:subnet/subnet-082c6409208a391e4",
            "assign_ipv6_address_on_creation": false,
            "availability_zone": "us-east-1a",
            "availability_zone_id": "use1-az6",
            "cidr_block": "10.162.16.0/28",
            "customer_owned_ipv4_pool": "",
            "enable_dns64": false,
            "enable_lni_at_device_index": 0,
            "enable_resource_name_dns_a_record_on_launch": false,
            "enable_resource_name_dns_aaaa_record_on_launch": false,
            "id": "subnet-082c6409208a391e4",
            "ipv6_cidr_block": "",
            "ipv6_cidr_block_association_id": "",
            "ipv6_native": false,
            "map_customer_owned_ip_on_launch": false,
            "map_public_ip_on_launch": false,
            "outpost_arn": "",
            "owner_id": "891377142936",
            "private_dns_hostname_type_on_launch": "ip-name",
            "tags": {
              "Name": "sn-tgw-core-1-staging"
            },
            "tags_all": {
              "Name": "sn-tgw-core-1-staging"
            },
            "timeouts": null,
            "vpc_id": "vpc-0607bfb6d374f4584"
          },
          "sensitive_attributes": [],
          "private": "eyJlMmJmYjczMC1lY2FhLTExZTYtOGY4OC0zNDM2M2JjN2M0YzAiOnsiY3JlYXRlIjo2MDAwMDAwMDAwMDAsImRlbGV0ZSI6MTIwMDAwMDAwMDAwMH0sInNjaGVtYV92ZXJzaW9uIjoiMSJ9",
          "dependencies": [
            "aws_vpc.extraction"
          ],
          "create_before_destroy": true
        }
      ]
    },
    {
      "mode": "managed",
      "type": "aws_vpc",
      "name": "extraction",
      "provider": "provider[\"registry.terraform.io/hashicorp/aws\"]",
      "instances": [
        {
          "schema_version": 1,
          "attributes": {
            "arn": "arn:aws:ec2:us-east-1:891377142936:vpc/vpc-0607bfb6d374f4584",
            "assign_generated_ipv6_cidr_block": false,
            "cidr_block": "10.162.16.0/20",
            "default_network_acl_id": "acl-05b36584fcda05688",
            "default_route_table_id": "rtb-0e91a95145e6d9c0a",
            "default_security_group_id": "sg-07c400b86ca274567",
            "dhcp_options_id": "dopt-0e99ce589170625cd",
            "enable_dns_hostnames": false,
            "enable_dns_support": true,
            "enable_network_address_usage_metrics": false,
            "id": "vpc-0607bfb6d374f4584",
            "instance_tenancy": "default",
            "ipv4_ipam_pool_id": null,
            "ipv4_netmask_length": null,
            "ipv6_association_id": "",
            "ipv6_cidr_block": "",
            "ipv6_cidr_block_network_border_group": "",
            "ipv6_ipam_pool_id": "",
            "ipv6_netmask_length": 0,
            "main_route_table_id": "rtb-0e91a95145e6d9c0a",
            "owner_id": "891377142936",
            "tags": {
              "Name": "extraction-staging"
            },
            "tags_all": {
              "Name": "extraction-staging"
            }
          },
          "sensitive_attributes": [],
          "private": "eyJzY2hlbWFfdmVyc2lvbiI6IjEifQ==",
          "create_before_destroy": true
        }
      ]
    },
    {
      "mode": "managed",
      "type": "tls_private_key",
      "name": "generated_key",
      "provider": "provider[\"registry.terraform.io/hashicorp/tls\"]",
      "instances": [
        {
          "schema_version": 1,
          "attributes": {
            "algorithm": "RSA",
            "ecdsa_curve": "P224",
            "id": "a3ab1f876b0829784a476c1223eee6161ab145ab",
            "private_key_openssh": "-----BEGIN OPENSSH PRIVATE KEY-----\nb3BlbnNzaC1rZXktdjEAAAAABG5vbmUAAAAEbm9uZQAAAAAAAAABAAACFwAAAAdz\nc2gtcnNhAAAAAwEAAQAAAgEA2KyA5Z2qLu8bwqx46xTgQ5RrJM7VHWspSNiMvIcD\n7ThJMQ4Ux3yPZxwaxa/f5OQw1MOlI3liecO38GbpZyG7rDwK92bIFD+kwX8wRulq\nibT6NqD0v4n0DkxpyWBZr1YMeZ2WUtcRWlCobZmuj0nlRof7Nu5aSpgV4ZVw/O16\n6S1WdMTkftx/i42yxP3M52GVfZB+DYm7D8wg0uyFZUrvYWA9M1jVWzQNNieko79n\nNXXs7zWmDjPthXMN5BsS1H4+DKump3PPacY7MOSR9XKdPoZS/ZJ9P6H58W9Y3UB5\nZ3QenUs1TmBSnRnd0lfccwo5S9B0yl8MASmPP6XH3g+LjgZOFPrc8ham0CSclcwe\nZIydKmkPRxbhdbMABDjYJZcY6B6flvGXwXJ6FDRwcFXhvhGbWrzAQzowm77CNh9K\narabn/2cs7QN/F46vOAJeO0j5ODumzgyXllONw2p4VGiCEux59fKck1QThasIrHv\nqmd4cUjxE6fFbQYsWC2W6hmAAr7SSgQpfSlRF+OH2UtqlzcrCyuH0lOAq7zWShRy\nLxYzWGmL3ImWrC3F5AlaHvhUr2hkZv/DEHFK+9uyChSRrmt8aYqE3qP8ZowFaYTL\nJDGy/tSWF13H15drVer7O+pQpUeCIjRxAdlt9dx9chkvK5ojXAy+Ff6bsrMMnZlp\nuOUAAAc4APgDFgD4AxYAAAAHc3NoLXJzYQAAAgEA2KyA5Z2qLu8bwqx46xTgQ5Rr\nJM7VHWspSNiMvIcD7ThJMQ4Ux3yPZxwaxa/f5OQw1MOlI3liecO38GbpZyG7rDwK\n92bIFD+kwX8wRulqibT6NqD0v4n0DkxpyWBZr1YMeZ2WUtcRWlCobZmuj0nlRof7\nNu5aSpgV4ZVw/O166S1WdMTkftx/i42yxP3M52GVfZB+DYm7D8wg0uyFZUrvYWA9\nM1jVWzQNNieko79nNXXs7zWmDjPthXMN5BsS1H4+DKump3PPacY7MOSR9XKdPoZS\n/ZJ9P6H58W9Y3UB5Z3QenUs1TmBSnRnd0lfccwo5S9B0yl8MASmPP6XH3g+LjgZO\nFPrc8ham0CSclcweZIydKmkPRxbhdbMABDjYJZcY6B6flvGXwXJ6FDRwcFXhvhGb\nWrzAQzowm77CNh9Karabn/2cs7QN/F46vOAJeO0j5ODumzgyXllONw2p4VGiCEux\n59fKck1QThasIrHvqmd4cUjxE6fFbQYsWC2W6hmAAr7SSgQpfSlRF+OH2Utqlzcr\nCyuH0lOAq7zWShRyLxYzWGmL3ImWrC3F5AlaHvhUr2hkZv/DEHFK+9uyChSRrmt8\naYqE3qP8ZowFaYTLJDGy/tSWF13H15drVer7O+pQpUeCIjRxAdlt9dx9chkvK5oj\nXAy+Ff6bsrMMnZlpuOUAAAADAQABAAACAHkbWmR9Tr0zCsoyCtgi8AL19zk4nmf2\nGLpNx8QslyZFmqtfmn+yAJl6XQB4AGX4oc6amDgOxdsXaT1m2Di74yEu4lZMTbL7\nq8Q3qi1IlDLqRBy6tHJG0nIXhd14DEjziL+FNJuS+HEJukqgZrBSdmOI6AJZEYC2\nJyzSkbfdqSCiJbvYvXqnFmdTSUPQNHJz2dG4LKy2eicnSoV6jEkErG46E5saoQ58\nNpI5cE3SUwbPpiJCU1GG9tDrcS05cLny4g3E976K/bi6gyUd7PNLH9btz39KHNWv\nXHv1Z68rNXB8uAvlGKN5NVP4PEMwtthaM5JLrqvammQf7aB+sgtNlwtA1Z1OQuJY\nNT6nfFve+rIkqCuLcTDZpm974h5UQcma8A6RE2nq1wL+pserk+cBLQ68yI7NrdHM\nokp2Z9NSUyh2GiR/4Q96jE6Hs/0YSaOYIsIR2Betu53czN6u8Bb6g7Np9SOaMBt7\nFUyUBQ5uddUdjeHwpJfP7ExV2Z35NLNq+WebBJWv73f5n6Vby4SWtpJL5abpoiQE\n/a+18iCMDC3ZxaJoKzSxtXug7i1A0zQRyxvh0GfDk2SjC4OLpfA0s9nettoMo0RL\nq/QXSh9W5CBivIqAJFtLZF9Rp15Q28nHH4AFGwISZCATljSEUcp1ahHU5NOBUH3V\nNciDKyHomhaVAAABAQDI6ymVHPs+JaB8jM2Xf4Stpo7t9Bte8fvRggr8yRBiMttT\nrZH+TU8BTaUopVz1PUY0lYoSzL4KlBE0KZQoQpvFsm+nZNpTtry5rskXP+w0eA7W\nouYMIQgQYcdRB+pwX4tvDvwIxHjyevnI1O+SPa9NsUGwuGi0fljSib/uut6hR4G6\nKW/wEhc9c1NrLK0JklrqU2nRt5JWe3eLvAQCqSGSuQOU+E+QY53gr11VmYf5YJ25\nKOgPJuNt4l2uCemK2MlZMXFLuZ8XG0CIQulCyrdE0P1RnIJLurh28OdF4gDNCxJt\n+I+hERHMZBmJ+56dK+xihcB5cPF5pekdmWLZ3PHFAAABAQDke9Th7iHcdYXXPtpe\nFuh2q3qECDnTjoPYOVNXq896H3fdpqXHOHSb41fjoGUxTveflL+eJc/27qbVPRN5\n/hDthkf4zOsE3tU4qwRK5fqcdYGlkvXnknREU8kB89WBxjPsdX+Fy2TPYUkExaf4\nPx59wZNXOmyhruIsv6jc5+WQ5qdMbUfyQBaVXw71USsk8fiap7Yo1g1oAgJyGUTp\nCJT2C8eZoWl58O8Z4d8ieCKtFGIIBfze2irYnRKnvDsod250hqAuseu/duhdF/K2\nGcVfhetVwMsirn+a1/z765+Td5BIaZhGY48QRPnijLGxHjaocD2AVXUPEMfS7+I3\nus3rAAABAQDyxJKbGfwdfHX0elO6+E347NeykIlsgYQVCTiYi/LXgL3XKjgFdXnn\nN1+qQ1ESBm4uKEQYe+K8JzCKivHdNfe59K6LcYTbBK67mKzDTOF9//pwupp6EKog\nTwRGPguR8uR7sJNKf+IXXsqGKJMXTqq8rgB/zWPk/wYdDcCwqudvbWNFahyhS8tG\nt4a8i95rReHU4/qeJhjfi9nUmNDS2QIfoIQy99rF1RkbnxicGfN7OESCKCFD74N6\n67bSJrAMkHOJZsmCTuDelFMMQW2MIUi+swZ6VWHQPtGU1O3E0Ga1kBBfbT8e9ugl\nys/cSuY4cS5s/shEGsDjxsiuM7eL81BvAAAAAAEC\n-----END OPENSSH PRIVATE KEY-----\n",
            "private_key_pem": "-----BEGIN RSA PRIVATE KEY-----\nMIIJKAIBAAKCAgEA2KyA5Z2qLu8bwqx46xTgQ5RrJM7VHWspSNiMvIcD7ThJMQ4U\nx3yPZxwaxa/f5OQw1MOlI3liecO38GbpZyG7rDwK92bIFD+kwX8wRulqibT6NqD0\nv4n0DkxpyWBZr1YMeZ2WUtcRWlCobZmuj0nlRof7Nu5aSpgV4ZVw/O166S1WdMTk\nftx/i42yxP3M52GVfZB+DYm7D8wg0uyFZUrvYWA9M1jVWzQNNieko79nNXXs7zWm\nDjPthXMN5BsS1H4+DKump3PPacY7MOSR9XKdPoZS/ZJ9P6H58W9Y3UB5Z3QenUs1\nTmBSnRnd0lfccwo5S9B0yl8MASmPP6XH3g+LjgZOFPrc8ham0CSclcweZIydKmkP\nRxbhdbMABDjYJZcY6B6flvGXwXJ6FDRwcFXhvhGbWrzAQzowm77CNh9Karabn/2c\ns7QN/F46vOAJeO0j5ODumzgyXllONw2p4VGiCEux59fKck1QThasIrHvqmd4cUjx\nE6fFbQYsWC2W6hmAAr7SSgQpfSlRF+OH2UtqlzcrCyuH0lOAq7zWShRyLxYzWGmL\n3ImWrC3F5AlaHvhUr2hkZv/DEHFK+9uyChSRrmt8aYqE3qP8ZowFaYTLJDGy/tSW\nF13H15drVer7O+pQpUeCIjRxAdlt9dx9chkvK5ojXAy+Ff6bsrMMnZlpuOUCAwEA\nAQKCAgB5G1pkfU69MwrKMgrYIvAC9fc5OJ5n9hi6TcfELJcmRZqrX5p/sgCZel0A\neABl+KHOmpg4DsXbF2k9Ztg4u+MhLuJWTE2y+6vEN6otSJQy6kQcurRyRtJyF4Xd\neAxI84i/hTSbkvhxCbpKoGawUnZjiOgCWRGAtics0pG33akgoiW72L16pxZnU0lD\n0DRyc9nRuCystnonJ0qFeoxJBKxuOhObGqEOfDaSOXBN0lMGz6YiQlNRhvbQ63Et\nOXC58uINxPe+iv24uoMlHezzSx/W7c9/ShzVr1x79WevKzVwfLgL5RijeTVT+DxD\nMLbYWjOSS66r2ppkH+2gfrILTZcLQNWdTkLiWDU+p3xb3vqyJKgri3Ew2aZve+Ie\nVEHJmvAOkRNp6tcC/qbHq5PnAS0OvMiOza3RzKJKdmfTUlModhokf+EPeoxOh7P9\nGEmjmCLCEdgXrbud3MzervAW+oOzafUjmjAbexVMlAUObnXVHY3h8KSXz+xMVdmd\n+TSzavlnmwSVr+93+Z+lW8uElraSS+Wm6aIkBP2vtfIgjAwt2cWiaCs0sbV7oO4t\nQNM0Ecsb4dBnw5NkowuDi6XwNLPZ3rbaDKNES6v0F0ofVuQgYryKgCRbS2RfUade\nUNvJxx+ABRsCEmQgE5Y0hFHKdWoR1OTTgVB91TXIgysh6JoWlQKCAQEA5HvU4e4h\n3HWF1z7aXhbodqt6hAg5046D2DlTV6vPeh933aalxzh0m+NX46BlMU73n5S/niXP\n9u6m1T0Tef4Q7YZH+MzrBN7VOKsESuX6nHWBpZL155J0RFPJAfPVgcYz7HV/hctk\nz2FJBMWn+D8efcGTVzpsoa7iLL+o3OflkOanTG1H8kAWlV8O9VErJPH4mqe2KNYN\naAICchlE6QiU9gvHmaFpefDvGeHfIngirRRiCAX83toq2J0Sp7w7KHdudIagLrHr\nv3boXRfythnFX4XrVcDLIq5/mtf8++ufk3eQSGmYRmOPEET54oyxsR42qHA9gFV1\nDxDH0u/iN7rN6wKCAQEA8sSSmxn8HXx19HpTuvhN+OzXspCJbIGEFQk4mIvy14C9\n1yo4BXV55zdfqkNREgZuLihEGHvivCcwiorx3TX3ufSui3GE2wSuu5isw0zhff/6\ncLqaehCqIE8ERj4LkfLke7CTSn/iF17KhiiTF06qvK4Af81j5P8GHQ3AsKrnb21j\nRWocoUvLRreGvIvea0Xh1OP6niYY34vZ1JjQ0tkCH6CEMvfaxdUZG58YnBnzezhE\ngighQ++Deuu20iawDJBziWbJgk7g3pRTDEFtjCFIvrMGelVh0D7RlNTtxNBmtZAQ\nX20/HvboJcrP3ErmOHEubP7IRBrA48bIrjO3i/NQbwKCAQBFcNU8bTFhXV52EqYv\nXmr8VhWANzfL8k5j0thfltoR1aqKdPGBYMkf77JwffkDSWq812p9WCSiedm+iTd4\nJh1i8yLAnRb4ffjzphZB5S+LibMDbWzLGpm3gnde3oqPTHvPa858DVrwJDMa/i+U\npSpRMhnjst/9K7eVvhJGQTxmE5PZCIWLPKsgbqmPKUIhkmDqL/qO4q9kYuf3YXKu\nGGudc+sP6By0cONaTGmSgkyXqdA5fAhkeo33E5Xt4KliHRo21Auu5Wgu4qawVGzx\np1dzNrJVd6jFO5+QogBDWFNBcF8rgtxC2FNMsIn5rqT6naIjAynN7SsMjx8MHtfz\n9BRNAoIBAG6aRDjJs+UzKQJDIRaTveJk9ThzRUjcEPMMim5lhDPOga8fmvpRtUI0\nJi+KD8tohpYc3jlRZ9FVAXZ9KwgfaEeeRE9fXqnyDjGFs2AfDLS9BLqLKYnnQbsK\nhOYDqn3J7XK01cYhUT5Yf2hz39/EhWEE3VFcn+Bal8xw0ZMrqdlIOuwLFhQeVfRX\n9Ni92I2C/wpg+3NF5Bskug9zt9/34lHKbbBS36c2GQROjYXBBP7kecHayp0K6Bn+\nfgJsgdSXkyvMWo41pZmCdfula2VmXKAVLCRb9f5MQGvQPqtmTwT1J6ByQ0m2L7nY\nFq9EqHKajg42XcM5dRvRGujSwxLNvZ0CggEBAMjrKZUc+z4loHyMzZd/hK2mju30\nG17x+9GCCvzJEGIy21Otkf5NTwFNpSilXPU9RjSVihLMvgqUETQplChCm8Wyb6dk\n2lO2vLmuyRc/7DR4Dtai5gwhCBBhx1EH6nBfi28O/AjEePJ6+cjU75I9r02xQbC4\naLR+WNKJv+663qFHgbopb/ASFz1zU2ssrQmSWupTadG3klZ7d4u8BAKpIZK5A5T4\nT5BjneCvXVWZh/lgnbko6A8m423iXa4J6YrYyVkxcUu5nxcbQIhC6ULKt0TQ/VGc\ngku6uHbw50XiAM0LEm34j6EREcxkGYn7np0r7GKFwHlw8Xml6R2ZYtnc8cU=\n-----END RSA PRIVATE KEY-----\n",
            "private_key_pem_pkcs8": "-----BEGIN PRIVATE KEY-----\nMIIJQgIBADANBgkqhkiG9w0BAQEFAASCCSwwggkoAgEAAoICAQDYrIDlnaou7xvC\nrHjrFOBDlGskztUdaylI2Iy8hwPtOEkxDhTHfI9nHBrFr9/k5DDUw6UjeWJ5w7fw\nZulnIbusPAr3ZsgUP6TBfzBG6WqJtPo2oPS/ifQOTGnJYFmvVgx5nZZS1xFaUKht\nma6PSeVGh/s27lpKmBXhlXD87XrpLVZ0xOR+3H+LjbLE/cznYZV9kH4NibsPzCDS\n7IVlSu9hYD0zWNVbNA02J6Sjv2c1dezvNaYOM+2Fcw3kGxLUfj4Mq6anc89pxjsw\n5JH1cp0+hlL9kn0/ofnxb1jdQHlndB6dSzVOYFKdGd3SV9xzCjlL0HTKXwwBKY8/\npcfeD4uOBk4U+tzyFqbQJJyVzB5kjJ0qaQ9HFuF1swAEONgllxjoHp+W8ZfBcnoU\nNHBwVeG+EZtavMBDOjCbvsI2H0pqtpuf/ZyztA38Xjq84Al47SPk4O6bODJeWU43\nDanhUaIIS7Hn18pyTVBOFqwise+qZ3hxSPETp8VtBixYLZbqGYACvtJKBCl9KVEX\n44fZS2qXNysLK4fSU4CrvNZKFHIvFjNYaYvciZasLcXkCVoe+FSvaGRm/8MQcUr7\n27IKFJGua3xpioTeo/xmjAVphMskMbL+1JYXXcfXl2tV6vs76lClR4IiNHEB2W31\n3H1yGS8rmiNcDL4V/puyswydmWm45QIDAQABAoICAHkbWmR9Tr0zCsoyCtgi8AL1\n9zk4nmf2GLpNx8QslyZFmqtfmn+yAJl6XQB4AGX4oc6amDgOxdsXaT1m2Di74yEu\n4lZMTbL7q8Q3qi1IlDLqRBy6tHJG0nIXhd14DEjziL+FNJuS+HEJukqgZrBSdmOI\n6AJZEYC2JyzSkbfdqSCiJbvYvXqnFmdTSUPQNHJz2dG4LKy2eicnSoV6jEkErG46\nE5saoQ58NpI5cE3SUwbPpiJCU1GG9tDrcS05cLny4g3E976K/bi6gyUd7PNLH9bt\nz39KHNWvXHv1Z68rNXB8uAvlGKN5NVP4PEMwtthaM5JLrqvammQf7aB+sgtNlwtA\n1Z1OQuJYNT6nfFve+rIkqCuLcTDZpm974h5UQcma8A6RE2nq1wL+pserk+cBLQ68\nyI7NrdHMokp2Z9NSUyh2GiR/4Q96jE6Hs/0YSaOYIsIR2Betu53czN6u8Bb6g7Np\n9SOaMBt7FUyUBQ5uddUdjeHwpJfP7ExV2Z35NLNq+WebBJWv73f5n6Vby4SWtpJL\n5abpoiQE/a+18iCMDC3ZxaJoKzSxtXug7i1A0zQRyxvh0GfDk2SjC4OLpfA0s9ne\nttoMo0RLq/QXSh9W5CBivIqAJFtLZF9Rp15Q28nHH4AFGwISZCATljSEUcp1ahHU\n5NOBUH3VNciDKyHomhaVAoIBAQDke9Th7iHcdYXXPtpeFuh2q3qECDnTjoPYOVNX\nq896H3fdpqXHOHSb41fjoGUxTveflL+eJc/27qbVPRN5/hDthkf4zOsE3tU4qwRK\n5fqcdYGlkvXnknREU8kB89WBxjPsdX+Fy2TPYUkExaf4Px59wZNXOmyhruIsv6jc\n5+WQ5qdMbUfyQBaVXw71USsk8fiap7Yo1g1oAgJyGUTpCJT2C8eZoWl58O8Z4d8i\neCKtFGIIBfze2irYnRKnvDsod250hqAuseu/duhdF/K2GcVfhetVwMsirn+a1/z7\n65+Td5BIaZhGY48QRPnijLGxHjaocD2AVXUPEMfS7+I3us3rAoIBAQDyxJKbGfwd\nfHX0elO6+E347NeykIlsgYQVCTiYi/LXgL3XKjgFdXnnN1+qQ1ESBm4uKEQYe+K8\nJzCKivHdNfe59K6LcYTbBK67mKzDTOF9//pwupp6EKogTwRGPguR8uR7sJNKf+IX\nXsqGKJMXTqq8rgB/zWPk/wYdDcCwqudvbWNFahyhS8tGt4a8i95rReHU4/qeJhjf\ni9nUmNDS2QIfoIQy99rF1RkbnxicGfN7OESCKCFD74N667bSJrAMkHOJZsmCTuDe\nlFMMQW2MIUi+swZ6VWHQPtGU1O3E0Ga1kBBfbT8e9uglys/cSuY4cS5s/shEGsDj\nxsiuM7eL81BvAoIBAEVw1TxtMWFdXnYSpi9eavxWFYA3N8vyTmPS2F+W2hHVqop0\n8YFgyR/vsnB9+QNJarzXan1YJKJ52b6JN3gmHWLzIsCdFvh9+POmFkHlL4uJswNt\nbMsambeCd17eio9Me89rznwNWvAkMxr+L5SlKlEyGeOy3/0rt5W+EkZBPGYTk9kI\nhYs8qyBuqY8pQiGSYOov+o7ir2Ri5/dhcq4Ya51z6w/oHLRw41pMaZKCTJep0Dl8\nCGR6jfcTle3gqWIdGjbUC67laC7iprBUbPGnV3M2slV3qMU7n5CiAENYU0FwXyuC\n3ELYU0ywifmupPqdoiMDKc3tKwyPHwwe1/P0FE0CggEAbppEOMmz5TMpAkMhFpO9\n4mT1OHNFSNwQ8wyKbmWEM86Brx+a+lG1QjQmL4oPy2iGlhzeOVFn0VUBdn0rCB9o\nR55ET19eqfIOMYWzYB8MtL0EuospiedBuwqE5gOqfcntcrTVxiFRPlh/aHPf38SF\nYQTdUVyf4FqXzHDRkyup2Ug67AsWFB5V9Ff02L3YjYL/CmD7c0XkGyS6D3O33/fi\nUcptsFLfpzYZBE6NhcEE/uR5wdrKnQroGf5+AmyB1JeTK8xajjWlmYJ1+6VrZWZc\noBUsJFv1/kxAa9A+q2ZPBPUnoHJDSbYvudgWr0SocpqODjZdwzl1G9Ea6NLDEs29\nnQKCAQEAyOsplRz7PiWgfIzNl3+EraaO7fQbXvH70YIK/MkQYjLbU62R/k1PAU2l\nKKVc9T1GNJWKEsy+CpQRNCmUKEKbxbJvp2TaU7a8ua7JFz/sNHgO1qLmDCEIEGHH\nUQfqcF+Lbw78CMR48nr5yNTvkj2vTbFBsLhotH5Y0om/7rreoUeBuilv8BIXPXNT\nayytCZJa6lNp0beSVnt3i7wEAqkhkrkDlPhPkGOd4K9dVZmH+WCduSjoDybjbeJd\nrgnpitjJWTFxS7mfFxtAiELpQsq3RND9UZyCS7q4dvDnReIAzQsSbfiPoRERzGQZ\nifuenSvsYoXAeXDxeaXpHZli2dzxxQ==\n-----END PRIVATE KEY-----\n",
            "public_key_fingerprint_md5": "2c:e5:57:bb:cd:6c:88:9a:48:fa:57:df:f7:de:5f:60",
            "public_key_fingerprint_sha256": "SHA256:iYXo91053G5TnPfY4F135bL7egDfSMhWtZoN9Ng4mto",
            "public_key_openssh": "ssh-rsa AAAAB3NzaC1yc2EAAAADAQABAAACAQDYrIDlnaou7xvCrHjrFOBDlGskztUdaylI2Iy8hwPtOEkxDhTHfI9nHBrFr9/k5DDUw6UjeWJ5w7fwZulnIbusPAr3ZsgUP6TBfzBG6WqJtPo2oPS/ifQOTGnJYFmvVgx5nZZS1xFaUKhtma6PSeVGh/s27lpKmBXhlXD87XrpLVZ0xOR+3H+LjbLE/cznYZV9kH4NibsPzCDS7IVlSu9hYD0zWNVbNA02J6Sjv2c1dezvNaYOM+2Fcw3kGxLUfj4Mq6anc89pxjsw5JH1cp0+hlL9kn0/ofnxb1jdQHlndB6dSzVOYFKdGd3SV9xzCjlL0HTKXwwBKY8/pcfeD4uOBk4U+tzyFqbQJJyVzB5kjJ0qaQ9HFuF1swAEONgllxjoHp+W8ZfBcnoUNHBwVeG+EZtavMBDOjCbvsI2H0pqtpuf/ZyztA38Xjq84Al47SPk4O6bODJeWU43DanhUaIIS7Hn18pyTVBOFqwise+qZ3hxSPETp8VtBixYLZbqGYACvtJKBCl9KVEX44fZS2qXNysLK4fSU4CrvNZKFHIvFjNYaYvciZasLcXkCVoe+FSvaGRm/8MQcUr727IKFJGua3xpioTeo/xmjAVphMskMbL+1JYXXcfXl2tV6vs76lClR4IiNHEB2W313H1yGS8rmiNcDL4V/puyswydmWm45Q==\n",
            "public_key_pem": "-----BEGIN PUBLIC KEY-----\nMIICIjANBgkqhkiG9w0BAQEFAAOCAg8AMIICCgKCAgEA2KyA5Z2qLu8bwqx46xTg\nQ5RrJM7VHWspSNiMvIcD7ThJMQ4Ux3yPZxwaxa/f5OQw1MOlI3liecO38GbpZyG7\nrDwK92bIFD+kwX8wRulqibT6NqD0v4n0DkxpyWBZr1YMeZ2WUtcRWlCobZmuj0nl\nRof7Nu5aSpgV4ZVw/O166S1WdMTkftx/i42yxP3M52GVfZB+DYm7D8wg0uyFZUrv\nYWA9M1jVWzQNNieko79nNXXs7zWmDjPthXMN5BsS1H4+DKump3PPacY7MOSR9XKd\nPoZS/ZJ9P6H58W9Y3UB5Z3QenUs1TmBSnRnd0lfccwo5S9B0yl8MASmPP6XH3g+L\njgZOFPrc8ham0CSclcweZIydKmkPRxbhdbMABDjYJZcY6B6flvGXwXJ6FDRwcFXh\nvhGbWrzAQzowm77CNh9Karabn/2cs7QN/F46vOAJeO0j5ODumzgyXllONw2p4VGi\nCEux59fKck1QThasIrHvqmd4cUjxE6fFbQYsWC2W6hmAAr7SSgQpfSlRF+OH2Utq\nlzcrCyuH0lOAq7zWShRyLxYzWGmL3ImWrC3F5AlaHvhUr2hkZv/DEHFK+9uyChSR\nrmt8aYqE3qP8ZowFaYTLJDGy/tSWF13H15drVer7O+pQpUeCIjRxAdlt9dx9chkv\nK5ojXAy+Ff6bsrMMnZlpuOUCAwEAAQ==\n-----END PUBLIC KEY-----\n",
            "rsa_bits": 4096
          },
          "sensitive_attributes": [
            [
              {
                "type": "get_attr",
                "value": "private_key_pem"
              }
            ],
            [
              {
                "type": "get_attr",
                "value": "private_key_openssh"
              }
            ],
            [
              {
                "type": "get_attr",
                "value": "private_key_pem_pkcs8"
              }
            ]
          ]
        }
      ]
    }
  ],
  "check_results": null
}
