{
  "version": 4,
  "terraform_version": "1.10.3",
  "serial": 2,
  "lineage": "54e58451-3dc2-951f-1cf5-5e22e8165e55",
  "outputs": {},
  "resources": [
    {
      "mode": "managed",
      "type": "aws_security_group",
      "name": "imported_sg",
      "provider": "provider[\"registry.terraform.io/hashicorp/aws\"]",
      "instances": [
        {
          "schema_version": 1,
          "attributes": {
            "arn": "arn:aws:ec2:us-east-1:050752605837:security-group/sg-059af8eb596d968ba",
            "description": "Security group for Dremio.",
            "egress": [
              {
                "cidr_blocks": [
                  "0.0.0.0/0"
                ],
                "description": "Egress endpoint for Dremio EC2 Security Group",
                "from_port": 0,
                "ipv6_cidr_blocks": [],
                "prefix_list_ids": [],
                "protocol": "tcp",
                "security_groups": [],
                "self": false,
                "to_port": 65535
              }
            ],
            "id": "sg-059af8eb596d968ba",
            "ingress": [
              {
                "cidr_blocks": [],
                "description": "Self ingress endpoint for Dremio EC2 Security Group",
                "from_port": 45678,
                "ipv6_cidr_blocks": [],
                "prefix_list_ids": [],
                "protocol": "tcp",
                "security_groups": [],
                "self": true,
                "to_port": 45678
              }
            ],
            "name": "sc-dremio-config-DremioEC2SecurityGroup-SpreA33VCUf5",
            "name_prefix": "",
            "owner_id": "050752605837",
            "revoke_rules_on_delete": null,
            "tags": {},
            "tags_all": {},
            "timeouts": null,
            "vpc_id": "vpc-080cafe98dca712ca"
          },
          "sensitive_attributes": [],
          "private": "eyJlMmJmYjczMC1lY2FhLTExZTYtOGY4OC0zNDM2M2JjN2M0YzAiOnsiY3JlYXRlIjo2MDAwMDAwMDAwMDAsImRlbGV0ZSI6OTAwMDAwMDAwMDAwfSwic2NoZW1hX3ZlcnNpb24iOiIxIn0="
        }
      ]
    },
    {
      "mode": "managed",
      "type": "aws_security_group",
      "name": "imported_sg_2",
      "provider": "provider[\"registry.terraform.io/hashicorp/aws\"]",
      "instances": [
        {
          "schema_version": 1,
          "attributes": {
            "arn": "arn:aws:ec2:us-east-1:050752605837:security-group/sg-00e183e1085296f96",
            "description": "Security group for Dremio VPC endpoint",
            "egress": [
              {
                "cidr_blocks": [
                  "127.0.0.1/32"
                ],
                "description": "Security group egress for Dremio VPC endpoint",
                "from_port": 0,
                "ipv6_cidr_blocks": [],
                "prefix_list_ids": [],
                "protocol": "-1",
                "security_groups": [],
                "self": false,
                "to_port": 0
              }
            ],
            "id": "sg-00e183e1085296f96",
            "ingress": [
              {
                "cidr_blocks": [],
                "description": "Security group ingress for Dremio VPC endpoint",
                "from_port": 443,
                "ipv6_cidr_blocks": [],
                "prefix_list_ids": [],
                "protocol": "tcp",
                "security_groups": [
                  "sg-059af8eb596d968ba"
                ],
                "self": false,
                "to_port": 443
              }
            ],
            "name": "sc-dremio-config-DremioEC2VPCEndpointSecurityGroup-51LEjvQhhmlh",
            "name_prefix": "",
            "owner_id": "050752605837",
            "revoke_rules_on_delete": null,
            "tags": {},
            "tags_all": {},
            "timeouts": null,
            "vpc_id": "vpc-080cafe98dca712ca"
          },
          "sensitive_attributes": [],
          "private": "eyJlMmJmYjczMC1lY2FhLTExZTYtOGY4OC0zNDM2M2JjN2M0YzAiOnsiY3JlYXRlIjo2MDAwMDAwMDAwMDAsImRlbGV0ZSI6OTAwMDAwMDAwMDAwfSwic2NoZW1hX3ZlcnNpb24iOiIxIn0="
        }
      ]
    }
  ],
  "check_results": null
}
